
Microsoft Visual Studio Solution File, Format Version 12.00
# Visual Studio Version 17
VisualStudioVersion = 17.2.32616.157
MinimumVisualStudioVersion = 10.0.40219.1
Project("{9A19103F-16F7-4668-BE54-9A1E7A4F7556}") = "Entities", "Entities\Entities.csproj", "{9DF6B027-DA31-4250-8E5A-3FF2BB8C0E1F}"
EndProject
Project("{9A19103F-16F7-4668-BE54-9A1E7A4F7556}") = "DataAccess", "DataAccess\DataAccess.csproj", "{5693905C-5DC7-4933-B1D5-1132B716DED8}"
EndProject
Project("{9A19103F-16F7-4668-BE54-9A1E7A4F7556}") = "Business", "Business\Business.csproj", "{5CE5CA94-31D1-4D80-A89E-FBFB2CF02066}"
EndProject
Project("{9A19103F-16F7-4668-BE54-9A1E7A4F7556}") = "Core", "Core\Core.csproj", "{43E6244B-A305-4AC6-AD4D-C21D0CA5B5B5}"
EndProject
Project("{9A19103F-16F7-4668-BE54-9A1E7A4F7556}") = "ConsoleUI", "ConsoleUI\ConsoleUI.csproj", "{93AB19E1-BAF3-4648-8B70-55B63E73EBCD}"
EndProject
Project("{FAE04EC0-301F-11D3-BF4B-00C04F79EFBC}") = "WebAPI", "WebAPI\WebAPI.csproj", "{19BDC182-C442-4A57-A656-305173C9A97A}"
EndProject
Global
	GlobalSection(SolutionConfigurationPlatforms) = preSolution
		Debug|Any CPU = Debug|Any CPU
		Release|Any CPU = Release|Any CPU
	EndGlobalSection
	GlobalSection(ProjectConfigurationPlatforms) = postSolution
		{9DF6B027-DA31-4250-8E5A-3FF2BB8C0E1F}.Debug|Any CPU.ActiveCfg = Debug|Any CPU
		{9DF6B027-DA31-4250-8E5A-3FF2BB8C0E1F}.Debug|Any CPU.Build.0 = Debug|Any CPU
		{9DF6B027-DA31-4250-8E5A-3FF2BB8C0E1F}.Release|Any CPU.ActiveCfg = Release|Any CPU
		{9DF6B027-DA31-4250-8E5A-3FF2BB8C0E1F}.Release|Any CPU.Build.0 = Release|Any CPU
		{5693905C-5DC7-4933-B1D5-1132B716DED8}.Debug|Any CPU.ActiveCfg = Debug|Any CPU
		{5693905C-5DC7-4933-B1D5-1132B716DED8}.Debug|Any CPU.Build.0 = Debug|Any CPU
		{5693905C-5DC7-4933-B1D5-1132B716DED8}.Release|Any CPU.ActiveCfg = Release|Any CPU
		{5693905C-5DC7-4933-B1D5-1132B716DED8}.Release|Any CPU.Build.0 = Release|Any CPU
		{5CE5CA94-31D1-4D80-A89E-FBFB2CF02066}.Debug|Any CPU.ActiveCfg = Debug|Any CPU
		{5CE5CA94-31D1-4D80-A89E-FBFB2CF02066}.Debug|Any CPU.Build.0 = Debug|Any CPU
		{5CE5CA94-31D1-4D80-A89E-FBFB2CF02066}.Release|Any CPU.ActiveCfg = Release|Any CPU
		{5CE5CA94-31D1-4D80-A89E-FBFB2CF02066}.Release|Any CPU.Build.0 = Release|Any CPU
		{43E6244B-A305-4AC6-AD4D-C21D0CA5B5B5}.Debug|Any CPU.ActiveCfg = Debug|Any CPU
		{43E6244B-A305-4AC6-AD4D-C21D0CA5B5B5}.Debug|Any CPU.Build.0 = Debug|Any CPU
		{43E6244B-A305-4AC6-AD4D-C21D0CA5B5B5}.Release|Any CPU.ActiveCfg = Release|Any CPU
		{43E6244B-A305-4AC6-AD4D-C21D0CA5B5B5}.Release|Any CPU.Build.0 = Release|Any CPU
		{93AB19E1-BAF3-4648-8B70-55B63E73EBCD}.Debug|Any CPU.ActiveCfg = Debug|Any CPU
		{93AB19E1-BAF3-4648-8B70-55B63E73EBCD}.Debug|Any CPU.Build.0 = Debug|Any CPU
		{93AB19E1-BAF3-4648-8B70-55B63E73EBCD}.Release|Any CPU.ActiveCfg = Release|Any CPU
		{93AB19E1-BAF3-4648-8B70-55B63E73EBCD}.Release|Any CPU.Build.0 = Release|Any CPU
		{19BDC182-C442-4A57-A656-305173C9A97A}.Debug|Any CPU.ActiveCfg = Debug|Any CPU
		{19BDC182-C442-4A57-A656-305173C9A97A}.Debug|Any CPU.Build.0 = Debug|Any CPU
		{19BDC182-C442-4A57-A656-305173C9A97A}.Release|Any CPU.ActiveCfg = Release|Any CPU
		{19BDC182-C442-4A57-A656-305173C9A97A}.Release|Any CPU.Build.0 = Release|Any CPU
	EndGlobalSection
	GlobalSection(SolutionProperties) = preSolution
		HideSolutionNode = FALSE
	EndGlobalSection
	GlobalSection(ExtensibilityGlobals) = postSolution
		SolutionGuid = {5C067370-5EF4-4670-A9B1-AFDE94BA76A7}
	EndGlobalSection
EndGlobal
